dependencies:
- name: postgresql
  repository: https://charts.bitnami.com/bitnami
  version: 11.1.29
- name: redis
  repository: https://charts.bitnami.com/bitnami
  version: 16.7.0
- name: kafka
  repository: https://charts.bitnami.com/bitnami
  version: 16.2.14
- name: kube-prometheus-stack
  repository: https://prometheus-community.github.io/helm-charts
  version: 35.3.1
digest: sha256:f0dd5d8cd5897b5c6b382c75113aac0fc282b52f9e8839375f8a7697aa370708
generated: "2022-05-27T15:17:02.016650291+02:00"
