dependencies:
- name: postgresql
  repository: https://charts.bitnami.com/bitnami
  version: 11.1.13
- name: redis
  repository: https://charts.bitnami.com/bitnami
  version: 16.7.0
- name: kafka
  repository: https://charts.bitnami.com/bitnami
  version: 16.2.0
digest: sha256:e8ad4a21fb061c619cbc34e42cdda0831c8b496e86a8d4ed09cf01bb3885ab7f
generated: "2022-04-01T15:42:30.298889+02:00"
